
Microsoft Visual Studio Solution File, Format Version 12.00
# Visual Studio Version 17
VisualStudioVersion = 17.0.31912.275
MinimumVisualStudioVersion = 10.0.40219.1
Project("{FAE04EC0-301F-11D3-BF4B-00C04F79EFBC}") = "TreasuryChallenge", "TreasuryChallenge.csproj", "{8DAE8F95-C528-4ECB-870E-1E3AA4C269E9}"
EndProject
Project("{2150E333-8FDC-42A3-9474-1A3956D46DE8}") = "Solution Items", "Solution Items", "{82C785EB-6105-475B-8384-BD85FA6AEE5F}"
	ProjectSection(SolutionItems) = preProject
		.editorconfig = .editorconfig
	EndProjectSection
EndProject
Global
	GlobalSection(SolutionConfigurationPlatforms) = preSolution
		Debug|Any CPU = Debug|Any CPU
		Release|Any CPU = Release|Any CPU
	EndGlobalSection
	GlobalSection(ProjectConfigurationPlatforms) = postSolution
		{8DAE8F95-C528-4ECB-870E-1E3AA4C269E9}.Debug|Any CPU.ActiveCfg = Debug|Any CPU
		{8DAE8F95-C528-4ECB-870E-1E3AA4C269E9}.Debug|Any CPU.Build.0 = Debug|Any CPU
		{8DAE8F95-C528-4ECB-870E-1E3AA4C269E9}.Release|Any CPU.ActiveCfg = Release|Any CPU
		{8DAE8F95-C528-4ECB-870E-1E3AA4C269E9}.Release|Any CPU.Build.0 = Release|Any CPU
	EndGlobalSection
	GlobalSection(SolutionProperties) = preSolution
		HideSolutionNode = FALSE
	EndGlobalSection
	GlobalSection(ExtensibilityGlobals) = postSolution
		SolutionGuid = {0F58F124-11A4-4DA5-85DD-572E20EEB320}
	EndGlobalSection
EndGlobal
